
Microsoft Visual Studio Solution File, Format Version 12.00
# Visual Studio 15
VisualStudioVersion = 15.0.27130.2010
MinimumVisualStudioVersion = 10.0.40219.1
Project("{FAE04EC0-301F-11D3-BF4B-00C04F79EFBC}") = "Nsf.2018.Escola", "Nsf.2018.Escola\Nsf.2018.Escola.csproj", "{452212A2-1DB2-45E2-BACC-EECB483E7737}"
EndProject
Global
	GlobalSection(SolutionConfigurationPlatforms) = preSolution
		Debug|Any CPU = Debug|Any CPU
		Release|Any CPU = Release|Any CPU
	EndGlobalSection
	GlobalSection(ProjectConfigurationPlatforms) = postSolution
		{452212A2-1DB2-45E2-BACC-EECB483E7737}.Debug|Any CPU.ActiveCfg = Debug|Any CPU
		{452212A2-1DB2-45E2-BACC-EECB483E7737}.Debug|Any CPU.Build.0 = Debug|Any CPU
		{452212A2-1DB2-45E2-BACC-EECB483E7737}.Release|Any CPU.ActiveCfg = Release|Any CPU
		{452212A2-1DB2-45E2-BACC-EECB483E7737}.Release|Any CPU.Build.0 = Release|Any CPU
	EndGlobalSection
	GlobalSection(SolutionProperties) = preSolution
		HideSolutionNode = FALSE
	EndGlobalSection
	GlobalSection(ExtensibilityGlobals) = postSolution
		SolutionGuid = {8B504ACF-DEDF-4178-8369-06221F57656A}
	EndGlobalSection
EndGlobal
